
Microsoft Visual Studio Solution File, Format Version 12.00
# Visual Studio Version 17
VisualStudioVersion = 17.1.32210.238
MinimumVisualStudioVersion = 10.0.40219.1
Project("{8BC9CEB8-8B4A-11D0-8D11-00A0C91BC942}") = "Ruize_Ding_Project_1_v4", "Ruize_Ding_Project_1_v4.vcxproj", "{DAF513F5-2827-4B7C-A536-D8A46C6087AE}"
EndProject
Global
	GlobalSection(SolutionConfigurationPlatforms) = preSolution
		Debug|x64 = Debug|x64
		Debug|x86 = Debug|x86
		Release|x64 = Release|x64
		Release|x86 = Release|x86
	EndGlobalSection
	GlobalSection(ProjectConfigurationPlatforms) = postSolution
		{DAF513F5-2827-4B7C-A536-D8A46C6087AE}.Debug|x64.ActiveCfg = Debug|x64
		{DAF513F5-2827-4B7C-A536-D8A46C6087AE}.Debug|x64.Build.0 = Debug|x64
		{DAF513F5-2827-4B7C-A536-D8A46C6087AE}.Debug|x86.ActiveCfg = Debug|Win32
		{DAF513F5-2827-4B7C-A536-D8A46C6087AE}.Debug|x86.Build.0 = Debug|Win32
		{DAF513F5-2827-4B7C-A536-D8A46C6087AE}.Release|x64.ActiveCfg = Release|x64
		{DAF513F5-2827-4B7C-A536-D8A46C6087AE}.Release|x64.Build.0 = Release|x64
		{DAF513F5-2827-4B7C-A536-D8A46C6087AE}.Release|x86.ActiveCfg = Release|Win32
		{DAF513F5-2827-4B7C-A536-D8A46C6087AE}.Release|x86.Build.0 = Release|Win32
	EndGlobalSection
	GlobalSection(SolutionProperties) = preSolution
		HideSolutionNode = FALSE
	EndGlobalSection
	GlobalSection(ExtensibilityGlobals) = postSolution
		SolutionGuid = {CA2F3E00-07C8-4403-9AAC-92FCAA97F5E6}
	EndGlobalSection
EndGlobal
